
Microsoft Visual Studio Solution File, Format Version 12.00
# Visual Studio Version 17
VisualStudioVersion = 17.9.34723.18
MinimumVisualStudioVersion = 10.0.40219.1
Project("{FAE04EC0-301F-11D3-BF4B-00C04F79EFBC}") = "Pract7_1", "Pract7\Pract7_1.csproj", "{7A6C016E-72B6-4875-A455-C3539DA3312E}"
EndProject
Project("{FAE04EC0-301F-11D3-BF4B-00C04F79EFBC}") = "Fill_F_File", "Pract7_1\Fill_F_File.csproj", "{2A546997-2CE5-413E-A734-DE4DEA401613}"
EndProject
Project("{FAE04EC0-301F-11D3-BF4B-00C04F79EFBC}") = "Pract7_2_2", "Pract7_2\Pract7_2_2.csproj", "{BACAFFAB-D5FD-4849-B9D4-83CA4AC1E4E9}"
EndProject
Global
	GlobalSection(SolutionConfigurationPlatforms) = preSolution
		Debug|Any CPU = Debug|Any CPU
		Release|Any CPU = Release|Any CPU
	EndGlobalSection
	GlobalSection(ProjectConfigurationPlatforms) = postSolution
		{7A6C016E-72B6-4875-A455-C3539DA3312E}.Debug|Any CPU.ActiveCfg = Debug|Any CPU
		{7A6C016E-72B6-4875-A455-C3539DA3312E}.Debug|Any CPU.Build.0 = Debug|Any CPU
		{7A6C016E-72B6-4875-A455-C3539DA3312E}.Release|Any CPU.ActiveCfg = Release|Any CPU
		{7A6C016E-72B6-4875-A455-C3539DA3312E}.Release|Any CPU.Build.0 = Release|Any CPU
		{2A546997-2CE5-413E-A734-DE4DEA401613}.Debug|Any CPU.ActiveCfg = Debug|Any CPU
		{2A546997-2CE5-413E-A734-DE4DEA401613}.Debug|Any CPU.Build.0 = Debug|Any CPU
		{2A546997-2CE5-413E-A734-DE4DEA401613}.Release|Any CPU.ActiveCfg = Release|Any CPU
		{2A546997-2CE5-413E-A734-DE4DEA401613}.Release|Any CPU.Build.0 = Release|Any CPU
		{BACAFFAB-D5FD-4849-B9D4-83CA4AC1E4E9}.Debug|Any CPU.ActiveCfg = Debug|Any CPU
		{BACAFFAB-D5FD-4849-B9D4-83CA4AC1E4E9}.Debug|Any CPU.Build.0 = Debug|Any CPU
		{BACAFFAB-D5FD-4849-B9D4-83CA4AC1E4E9}.Release|Any CPU.ActiveCfg = Release|Any CPU
		{BACAFFAB-D5FD-4849-B9D4-83CA4AC1E4E9}.Release|Any CPU.Build.0 = Release|Any CPU
	EndGlobalSection
	GlobalSection(SolutionProperties) = preSolution
		HideSolutionNode = FALSE
	EndGlobalSection
	GlobalSection(ExtensibilityGlobals) = postSolution
		SolutionGuid = {1AF21591-5404-4468-8FC4-31D4646FAE1A}
	EndGlobalSection
EndGlobal
